
Microsoft Visual Studio Solution File, Format Version 12.00
# Visual Studio Version 18
VisualStudioVersion = 18.1.11312.151
MinimumVisualStudioVersion = 10.0.40219.1
Project("{2150E333-8FDC-42A3-9474-1A3956D46DE8}") = "Src", "Src", "{02EA681E-C7D8-13C7-8484-4AC65E1B71E8}"
EndProject
Project("{2150E333-8FDC-42A3-9474-1A3956D46DE8}") = "Services", "Services", "{25A7CA34-58E5-4E52-BA06-8F284617B074}"
EndProject
Project("{2150E333-8FDC-42A3-9474-1A3956D46DE8}") = "IDPService", "IDPService", "{1A6AC4DB-4B76-4FB0-BC40-53C4C94BB054}"
EndProject
Project("{FAE04EC0-301F-11D3-BF4B-00C04F79EFBC}") = "IDP.Api", "Src\Services\IDPService\IDP.Api\IDP.Api.csproj", "{CB4CA775-1114-4BCF-AED6-ED032B0F4749}"
EndProject
Project("{FAE04EC0-301F-11D3-BF4B-00C04F79EFBC}") = "IDP.Domain", "Src\Services\IDPService\IDP.Domain\IDP.Domain.csproj", "{F20EF6FC-01ED-4D36-ACC9-D044AAE58972}"
EndProject
Project("{FAE04EC0-301F-11D3-BF4B-00C04F79EFBC}") = "IDP.Application", "Src\Services\IDPService\IDP.Application\IDP.Application.csproj", "{61CFA035-2D1C-4E0B-95F0-490CCA129479}"
EndProject
Project("{FAE04EC0-301F-11D3-BF4B-00C04F79EFBC}") = "IDP.Infra", "Src\Services\IDPService\IDP.Infra\IDP.Infra.csproj", "{FD0FBCBD-A914-4F8F-9AA4-C2A236784E2C}"
EndProject
Project("{FAE04EC0-301F-11D3-BF4B-00C04F79EFBC}") = "IDP.Ioc", "Src\Services\IDPService\IDP.Ioc\IDP.Ioc.csproj", "{5954FB8A-91B0-4151-AE74-0A81AA9B7EE9}"
EndProject
Project("{FAE04EC0-301F-11D3-BF4B-00C04F79EFBC}") = "IDP.UnitTest", "Src\Services\IDPService\IDP.UnitTest\IDP.UnitTest.csproj", "{F1F6116C-896B-4049-A7FF-1A155644BFCC}"
EndProject
Project("{2150E333-8FDC-42A3-9474-1A3956D46DE8}") = "Common", "Common", "{F8DC0C5C-2F10-4ED9-8B3C-9B9CA87575A4}"
EndProject
Project("{2150E333-8FDC-42A3-9474-1A3956D46DE8}") = "CatalogService", "CatalogService", "{E959760A-753C-44C2-B604-16DD4C5847A5}"
EndProject
Project("{2150E333-8FDC-42A3-9474-1A3956D46DE8}") = "SearchService", "SearchService", "{012E7947-E0B8-41F4-BAFC-F218B02BE1AA}"
EndProject
Project("{2150E333-8FDC-42A3-9474-1A3956D46DE8}") = "BascketService", "BascketService", "{22F744FF-C988-47EB-98DC-7F590BFDF38A}"
EndProject
Project("{2150E333-8FDC-42A3-9474-1A3956D46DE8}") = "OrderService", "OrderService", "{5C2339FF-DB6B-44EE-A33B-66DFAEF660D5}"
EndProject
Project("{2150E333-8FDC-42A3-9474-1A3956D46DE8}") = "ReportService", "ReportService", "{CA802BF9-3713-4B00-934A-DD9E5B0BBE69}"
EndProject
Project("{2150E333-8FDC-42A3-9474-1A3956D46DE8}") = "ApiGetway", "ApiGetway", "{ADCE15C2-6834-4536-AD18-6D2021B4909E}"
EndProject
Project("{FAE04EC0-301F-11D3-BF4B-00C04F79EFBC}") = "Auth", "Src\Common\Auth\Auth.csproj", "{E722FE42-FE8B-4AAF-82BC-205A8FC51572}"
EndProject
Project("{FAE04EC0-301F-11D3-BF4B-00C04F79EFBC}") = "Shared.Domain", "Src\Common\Shared\Shared.Domain\Shared.Domain.csproj", "{5375CE83-6CFA-4CF6-94B2-48ED489C0858}"
EndProject
Project("{FAE04EC0-301F-11D3-BF4B-00C04F79EFBC}") = "Shared.Application", "Src\Common\Shared\Shared.Application\Shared.Application.csproj", "{168B94CB-F161-497B-9E02-C9350C15500A}"
EndProject
Project("{2150E333-8FDC-42A3-9474-1A3956D46DE8}") = "Shared", "Shared", "{40FD0F6D-774B-4991-8AAC-44D6977AD170}"
EndProject
Project("{FAE04EC0-301F-11D3-BF4B-00C04F79EFBC}") = "Shared.Infra", "Src\Common\Shared\Shared.Infra\Shared.Infra.csproj", "{40A788A1-3524-4142-BCD9-E41F6D696702}"
EndProject
Project("{FAE04EC0-301F-11D3-BF4B-00C04F79EFBC}") = "Shared.Kernel", "Src\Common\Shared\Shared.Kernel\Shared.Kernel.csproj", "{13FA1428-6ADB-42F0-9052-A7EF63504D55}"
EndProject
Project("{2150E333-8FDC-42A3-9474-1A3956D46DE8}") = "NotficationService", "NotficationService", "{D9BB1065-E05D-4C06-95D9-340A1A777718}"
EndProject
Project("{2150E333-8FDC-42A3-9474-1A3956D46DE8}") = "IBus", "IBus", "{275CCF8F-02F2-4C86-A308-D059DB303982}"
EndProject
Project("{FAE04EC0-301F-11D3-BF4B-00C04F79EFBC}") = "EventMessages", "Src\Services\EventMessages\EventMessages.csproj", "{F633C074-0B25-4A8E-96CC-536CC9C97131}"
EndProject
Global
	GlobalSection(SolutionConfigurationPlatforms) = preSolution
		Debug|Any CPU = Debug|Any CPU
		Release|Any CPU = Release|Any CPU
	EndGlobalSection
	GlobalSection(ProjectConfigurationPlatforms) = postSolution
		{CB4CA775-1114-4BCF-AED6-ED032B0F4749}.Debug|Any CPU.ActiveCfg = Debug|Any CPU
		{CB4CA775-1114-4BCF-AED6-ED032B0F4749}.Debug|Any CPU.Build.0 = Debug|Any CPU
		{CB4CA775-1114-4BCF-AED6-ED032B0F4749}.Release|Any CPU.ActiveCfg = Release|Any CPU
		{CB4CA775-1114-4BCF-AED6-ED032B0F4749}.Release|Any CPU.Build.0 = Release|Any CPU
		{F20EF6FC-01ED-4D36-ACC9-D044AAE58972}.Debug|Any CPU.ActiveCfg = Debug|Any CPU
		{F20EF6FC-01ED-4D36-ACC9-D044AAE58972}.Debug|Any CPU.Build.0 = Debug|Any CPU
		{F20EF6FC-01ED-4D36-ACC9-D044AAE58972}.Release|Any CPU.ActiveCfg = Release|Any CPU
		{F20EF6FC-01ED-4D36-ACC9-D044AAE58972}.Release|Any CPU.Build.0 = Release|Any CPU
		{61CFA035-2D1C-4E0B-95F0-490CCA129479}.Debug|Any CPU.ActiveCfg = Debug|Any CPU
		{61CFA035-2D1C-4E0B-95F0-490CCA129479}.Debug|Any CPU.Build.0 = Debug|Any CPU
		{61CFA035-2D1C-4E0B-95F0-490CCA129479}.Release|Any CPU.ActiveCfg = Release|Any CPU
		{61CFA035-2D1C-4E0B-95F0-490CCA129479}.Release|Any CPU.Build.0 = Release|Any CPU
		{FD0FBCBD-A914-4F8F-9AA4-C2A236784E2C}.Debug|Any CPU.ActiveCfg = Debug|Any CPU
		{FD0FBCBD-A914-4F8F-9AA4-C2A236784E2C}.Debug|Any CPU.Build.0 = Debug|Any CPU
		{FD0FBCBD-A914-4F8F-9AA4-C2A236784E2C}.Release|Any CPU.ActiveCfg = Release|Any CPU
		{FD0FBCBD-A914-4F8F-9AA4-C2A236784E2C}.Release|Any CPU.Build.0 = Release|Any CPU
		{5954FB8A-91B0-4151-AE74-0A81AA9B7EE9}.Debug|Any CPU.ActiveCfg = Debug|Any CPU
		{5954FB8A-91B0-4151-AE74-0A81AA9B7EE9}.Debug|Any CPU.Build.0 = Debug|Any CPU
		{5954FB8A-91B0-4151-AE74-0A81AA9B7EE9}.Release|Any CPU.ActiveCfg = Release|Any CPU
		{5954FB8A-91B0-4151-AE74-0A81AA9B7EE9}.Release|Any CPU.Build.0 = Release|Any CPU
		{F1F6116C-896B-4049-A7FF-1A155644BFCC}.Debug|Any CPU.ActiveCfg = Debug|Any CPU
		{F1F6116C-896B-4049-A7FF-1A155644BFCC}.Debug|Any CPU.Build.0 = Debug|Any CPU
		{F1F6116C-896B-4049-A7FF-1A155644BFCC}.Release|Any CPU.ActiveCfg = Release|Any CPU
		{F1F6116C-896B-4049-A7FF-1A155644BFCC}.Release|Any CPU.Build.0 = Release|Any CPU
		{E722FE42-FE8B-4AAF-82BC-205A8FC51572}.Debug|Any CPU.ActiveCfg = Debug|Any CPU
		{E722FE42-FE8B-4AAF-82BC-205A8FC51572}.Debug|Any CPU.Build.0 = Debug|Any CPU
		{E722FE42-FE8B-4AAF-82BC-205A8FC51572}.Release|Any CPU.ActiveCfg = Release|Any CPU
		{E722FE42-FE8B-4AAF-82BC-205A8FC51572}.Release|Any CPU.Build.0 = Release|Any CPU
		{5375CE83-6CFA-4CF6-94B2-48ED489C0858}.Debug|Any CPU.ActiveCfg = Debug|Any CPU
		{5375CE83-6CFA-4CF6-94B2-48ED489C0858}.Debug|Any CPU.Build.0 = Debug|Any CPU
		{5375CE83-6CFA-4CF6-94B2-48ED489C0858}.Release|Any CPU.ActiveCfg = Release|Any CPU
		{5375CE83-6CFA-4CF6-94B2-48ED489C0858}.Release|Any CPU.Build.0 = Release|Any CPU
		{168B94CB-F161-497B-9E02-C9350C15500A}.Debug|Any CPU.ActiveCfg = Debug|Any CPU
		{168B94CB-F161-497B-9E02-C9350C15500A}.Debug|Any CPU.Build.0 = Debug|Any CPU
		{168B94CB-F161-497B-9E02-C9350C15500A}.Release|Any CPU.ActiveCfg = Release|Any CPU
		{168B94CB-F161-497B-9E02-C9350C15500A}.Release|Any CPU.Build.0 = Release|Any CPU
		{40A788A1-3524-4142-BCD9-E41F6D696702}.Debug|Any CPU.ActiveCfg = Debug|Any CPU
		{40A788A1-3524-4142-BCD9-E41F6D696702}.Debug|Any CPU.Build.0 = Debug|Any CPU
		{40A788A1-3524-4142-BCD9-E41F6D696702}.Release|Any CPU.ActiveCfg = Release|Any CPU
		{40A788A1-3524-4142-BCD9-E41F6D696702}.Release|Any CPU.Build.0 = Release|Any CPU
		{13FA1428-6ADB-42F0-9052-A7EF63504D55}.Debug|Any CPU.ActiveCfg = Debug|Any CPU
		{13FA1428-6ADB-42F0-9052-A7EF63504D55}.Debug|Any CPU.Build.0 = Debug|Any CPU
		{13FA1428-6ADB-42F0-9052-A7EF63504D55}.Release|Any CPU.ActiveCfg = Release|Any CPU
		{13FA1428-6ADB-42F0-9052-A7EF63504D55}.Release|Any CPU.Build.0 = Release|Any CPU
		{F633C074-0B25-4A8E-96CC-536CC9C97131}.Debug|Any CPU.ActiveCfg = Debug|Any CPU
		{F633C074-0B25-4A8E-96CC-536CC9C97131}.Debug|Any CPU.Build.0 = Debug|Any CPU
		{F633C074-0B25-4A8E-96CC-536CC9C97131}.Release|Any CPU.ActiveCfg = Release|Any CPU
		{F633C074-0B25-4A8E-96CC-536CC9C97131}.Release|Any CPU.Build.0 = Release|Any CPU
	EndGlobalSection
	GlobalSection(SolutionProperties) = preSolution
		HideSolutionNode = FALSE
	EndGlobalSection
	GlobalSection(NestedProjects) = preSolution
		{25A7CA34-58E5-4E52-BA06-8F284617B074} = {02EA681E-C7D8-13C7-8484-4AC65E1B71E8}
		{1A6AC4DB-4B76-4FB0-BC40-53C4C94BB054} = {25A7CA34-58E5-4E52-BA06-8F284617B074}
		{CB4CA775-1114-4BCF-AED6-ED032B0F4749} = {1A6AC4DB-4B76-4FB0-BC40-53C4C94BB054}
		{F20EF6FC-01ED-4D36-ACC9-D044AAE58972} = {1A6AC4DB-4B76-4FB0-BC40-53C4C94BB054}
		{61CFA035-2D1C-4E0B-95F0-490CCA129479} = {1A6AC4DB-4B76-4FB0-BC40-53C4C94BB054}
		{FD0FBCBD-A914-4F8F-9AA4-C2A236784E2C} = {1A6AC4DB-4B76-4FB0-BC40-53C4C94BB054}
		{5954FB8A-91B0-4151-AE74-0A81AA9B7EE9} = {1A6AC4DB-4B76-4FB0-BC40-53C4C94BB054}
		{F1F6116C-896B-4049-A7FF-1A155644BFCC} = {1A6AC4DB-4B76-4FB0-BC40-53C4C94BB054}
		{F8DC0C5C-2F10-4ED9-8B3C-9B9CA87575A4} = {02EA681E-C7D8-13C7-8484-4AC65E1B71E8}
		{E959760A-753C-44C2-B604-16DD4C5847A5} = {25A7CA34-58E5-4E52-BA06-8F284617B074}
		{012E7947-E0B8-41F4-BAFC-F218B02BE1AA} = {25A7CA34-58E5-4E52-BA06-8F284617B074}
		{22F744FF-C988-47EB-98DC-7F590BFDF38A} = {25A7CA34-58E5-4E52-BA06-8F284617B074}
		{5C2339FF-DB6B-44EE-A33B-66DFAEF660D5} = {25A7CA34-58E5-4E52-BA06-8F284617B074}
		{CA802BF9-3713-4B00-934A-DD9E5B0BBE69} = {25A7CA34-58E5-4E52-BA06-8F284617B074}
		{ADCE15C2-6834-4536-AD18-6D2021B4909E} = {25A7CA34-58E5-4E52-BA06-8F284617B074}
		{E722FE42-FE8B-4AAF-82BC-205A8FC51572} = {F8DC0C5C-2F10-4ED9-8B3C-9B9CA87575A4}
		{5375CE83-6CFA-4CF6-94B2-48ED489C0858} = {40FD0F6D-774B-4991-8AAC-44D6977AD170}
		{168B94CB-F161-497B-9E02-C9350C15500A} = {40FD0F6D-774B-4991-8AAC-44D6977AD170}
		{40FD0F6D-774B-4991-8AAC-44D6977AD170} = {F8DC0C5C-2F10-4ED9-8B3C-9B9CA87575A4}
		{40A788A1-3524-4142-BCD9-E41F6D696702} = {40FD0F6D-774B-4991-8AAC-44D6977AD170}
		{13FA1428-6ADB-42F0-9052-A7EF63504D55} = {40FD0F6D-774B-4991-8AAC-44D6977AD170}
		{D9BB1065-E05D-4C06-95D9-340A1A777718} = {25A7CA34-58E5-4E52-BA06-8F284617B074}
		{275CCF8F-02F2-4C86-A308-D059DB303982} = {25A7CA34-58E5-4E52-BA06-8F284617B074}
		{F633C074-0B25-4A8E-96CC-536CC9C97131} = {275CCF8F-02F2-4C86-A308-D059DB303982}
	EndGlobalSection
	GlobalSection(ExtensibilityGlobals) = postSolution
		SolutionGuid = {05E2EE8E-066E-47F0-8AE7-427AAFD98771}
	EndGlobalSection
EndGlobal
